// !$*UTF8*$!
{
	archiveVersion = 1;
	classes = {
	};
	objectVersion = 46;
	objects = {

/* Begin PBXBuildFile section */
		79E680E71CB5EA7800361971 /* main.m in Sources */ = {isa = PBXBuildFile; fileRef = 79E680E61CB5EA7800361971 /* main.m */; };
		79E680EA1CB5EA7800361971 /* AppDelegate.m in Sources */ = {isa = PBXBuildFile; fileRef = 79E680E91CB5EA7800361971 /* AppDelegate.m */; };
		79E680ED1CB5EA7800361971 /* ViewController.m in Sources */ = {isa = PBXBuildFile; fileRef = 79E680EC1CB5EA7800361971 /* ViewController.m */; };
		79E680F01CB5EA7800361971 /* Main.storyboard in Resources */ = {isa = PBXBuildFile; fileRef = 79E680EE1CB5EA7800361971 /* Main.storyboard */; };
		79E680F21CB5EA7800361971 /* Assets.xcassets in Resources */ = {isa = PBXBuildFile; fileRef = 79E680F11CB5EA7800361971 /* Assets.xcassets */; };
		79E680F51CB5EA7800361971 /* LaunchScreen.storyboard in Resources */ = {isa = PBXBuildFile; fileRef = 79E680F31CB5EA7800361971 /* LaunchScreen.storyboard */; };
		79E681001CB5EA7800361971 /* _1______Tests.m in Sources */ = {isa = PBXBuildFile; fileRef = 79E680FF1CB5EA7800361971 /* _1______Tests.m */; };
		79E6810B1CB5EA7800361971 /* _1______UITests.m in Sources */ = {isa = PBXBuildFile; fileRef = 79E6810A1CB5EA7800361971 /* _1______UITests.m */; };
		79E6811B1CB5EAD200361971 /* Cell.m in Sources */ = {isa = PBXBuildFile; fileRef = 79E681191CB5EAD200361971 /* Cell.m */; };
		79E6811C1CB5EAD200361971 /* Cell.xib in Resources */ = {isa = PBXBuildFile; fileRef = 79E6811A1CB5EAD200361971 /* Cell.xib */; };
/* End PBXBuildFile section */

/* Begin PBXContainerItemProxy section */
		79E680FC1CB5EA7800361971 /* PBXContainerItemProxy */ = {
			isa = PBXContainerItemProxy;
			containerPortal = 79E680DA1CB5EA7700361971 /* Project object */;
			proxyType = 1;
			remoteGlobalIDString = 79E680E11CB5EA7700361971;
			remoteInfo = "01-购物车动画";
		};
		79E681071CB5EA7800361971 /* PBXContainerItemProxy */ = {
			isa = PBXContainerItemProxy;
			containerPortal = 79E680DA1CB5EA7700361971 /* Project object */;
			proxyType = 1;
			remoteGlobalIDString = 79E680E11CB5EA7700361971;
			remoteInfo = "01-购物车动画";
		};
/* End PBXContainerItemProxy section */

/* Begin PBXFileReference section */
		79E680E21CB5EA7700361971 /* 01-购物车动画.app */ = {isa = PBXFileReference; explicitFileType = wrapper.application; includeInIndex = 0; path = "01-购物车动画.app"; sourceTree = BUILT_PRODUCTS_DIR; };
		79E680E61CB5EA7800361971 /* main.m */ = {isa = PBXFileReference; lastKnownFileType = sourcecode.c.objc; path = main.m; sourceTree = "<group>"; };
		79E680E81CB5EA7800361971 /* AppDelegate.h */ = {isa = PBXFileReference; lastKnownFileType = sourcecode.c.h; path = AppDelegate.h; sourceTree = "<group>"; };
		79E680E91CB5EA7800361971 /* AppDelegate.m */ = {isa = PBXFileReference; lastKnownFileType = sourcecode.c.objc; path = AppDelegate.m; sourceTree = "<group>"; };
		79E680EB1CB5EA7800361971 /* ViewController.h */ = {isa = PBXFileReference; lastKnownFileType = sourcecode.c.h; path = ViewController.h; sourceTree = "<group>"; };
		79E680EC1CB5EA7800361971 /* ViewController.m */ = {isa = PBXFileReference; lastKnownFileType = sourcecode.c.objc; path = ViewController.m; sourceTree = "<group>"; };
		79E680EF1CB5EA7800361971 /* Base */ = {isa = PBXFileReference; lastKnownFileType = file.storyboard; name = Base; path = Base.lproj/Main.storyboard; sourceTree = "<group>"; };
		79E680F11CB5EA7800361971 /* Assets.xcassets */ = {isa = PBXFileReference; lastKnownFileType = folder.assetcatalog; path = Assets.xcassets; sourceTree = "<group>"; };
		79E680F41CB5EA7800361971 /* Base */ = {isa = PBXFileReference; lastKnownFileType = file.storyboard; name = Base; path = Base.lproj/LaunchScreen.storyboard; sourceTree = "<group>"; };
		79E680F61CB5EA7800361971 /* Info.plist */ = {isa = PBXFileReference; lastKnownFileType = text.plist.xml; path = Info.plist; sourceTree = "<group>"; };
		79E680FB1CB5EA7800361971 /* 01-购物车动画Tests.xctest */ = {isa = PBXFileReference; explicitFileType = wrapper.cfbundle; includeInIndex = 0; path = "01-购物车动画Tests.xctest"; sourceTree = BUILT_PRODUCTS_DIR; };
		79E680FF1CB5EA7800361971 /* _1______Tests.m */ = {isa = PBXFileReference; lastKnownFileType = sourcecode.c.objc; path = "_1______Tests.m"; sourceTree = "<group>"; };
		79E681011CB5EA7800361971 /* Info.plist */ = {isa = PBXFileReference; lastKnownFileType = text.plist.xml; path = Info.plist; sourceTree = "<group>"; };
		79E681061CB5EA7800361971 /* 01-购物车动画UITests.xctest */ = {isa = PBXFileReference; explicitFileType = wrapper.cfbundle; includeInIndex = 0; path = "01-购物车动画UITests.xctest"; sourceTree = BUILT_PRODUCTS_DIR; };
		79E6810A1CB5EA7800361971 /* _1______UITests.m */ = {isa = PBXFileReference; lastKnownFileType = sourcecode.c.objc; path = "_1______UITests.m"; sourceTree = "<group>"; };
		79E6810C1CB5EA7800361971 /* Info.plist */ = {isa = PBXFileReference; lastKnownFileType = text.plist.xml; path = Info.plist; sourceTree = "<group>"; };
		79E681181CB5EAD200361971 /* Cell.h */ = {isa = PBXFileReference; fileEncoding = 4; lastKnownFileType = sourcecode.c.h; path = Cell.h; sourceTree = "<group>"; };
		79E681191CB5EAD200361971 /* Cell.m */ = {isa = PBXFileReference; fileEncoding = 4; lastKnownFileType = sourcecode.c.objc; path = Cell.m; sourceTree = "<group>"; };
		79E6811A1CB5EAD200361971 /* Cell.xib */ = {isa = PBXFileReference; fileEncoding = 4; lastKnownFileType = file.xib; path = Cell.xib; sourceTree = "<group>"; };
/* End PBXFileReference section */

/* Begin PBXFrameworksBuildPhase section */
		79E680DF1CB5EA7700361971 /* Frameworks */ = {
			isa = PBXFrameworksBuildPhase;
			buildActionMask = 2147483647;
			files = (
			);
			runOnlyForDeploymentPostprocessing = 0;
		};
		79E680F81CB5EA7800361971 /* Frameworks */ = {
			isa = PBXFrameworksBuildPhase;
			buildActionMask = 2147483647;
			files = (
			);
			runOnlyForDeploymentPostprocessing = 0;
		};
		79E681031CB5EA7800361971 /* Frameworks */ = {
			isa = PBXFrameworksBuildPhase;
			buildActionMask = 2147483647;
			files = (
			);
			runOnlyForDeploymentPostprocessing = 0;
		};
/* End PBXFrameworksBuildPhase section */

/* Begin PBXGroup section */
		79E680D91CB5EA7700361971 = {
			isa = PBXGroup;
			children = (
				79E680E41CB5EA7700361971 /* 01-购物车动画 */,
				79E680FE1CB5EA7800361971 /* 01-购物车动画Tests */,
				79E681091CB5EA7800361971 /* 01-购物车动画UITests */,
				79E680E31CB5EA7700361971 /* Products */,
			);
			sourceTree = "<group>";
		};
		79E680E31CB5EA7700361971 /* Products */ = {
			isa = PBXGroup;
			children = (
				79E680E21CB5EA7700361971 /* 01-购物车动画.app */,
				79E680FB1CB5EA7800361971 /* 01-购物车动画Tests.xctest */,
				79E681061CB5EA7800361971 /* 01-购物车动画UITests.xctest */,
			);
			name = Products;
			sourceTree = "<group>";
		};
		79E680E41CB5EA7700361971 /* 01-购物车动画 */ = {
			isa = PBXGroup;
			children = (
				79E680E81CB5EA7800361971 /* AppDelegate.h */,
				79E680E91CB5EA7800361971 /* AppDelegate.m */,
				79E680EB1CB5EA7800361971 /* ViewController.h */,
				79E680EC1CB5EA7800361971 /* ViewController.m */,
				79E681181CB5EAD200361971 /* Cell.h */,
				79E681191CB5EAD200361971 /* Cell.m */,
				79E6811A1CB5EAD200361971 /* Cell.xib */,
				79E680EE1CB5EA7800361971 /* Main.storyboard */,
				79E680F11CB5EA7800361971 /* Assets.xcassets */,
				79E680F31CB5EA7800361971 /* LaunchScreen.storyboard */,
				79E680F61CB5EA7800361971 /* Info.plist */,
				79E680E51CB5EA7800361971 /* Supporting Files */,
			);
			path = "01-购物车动画";
			sourceTree = "<group>";
		};
		79E680E51CB5EA7800361971 /* Supporting Files */ = {
			isa = PBXGroup;
			children = (
				79E680E61CB5EA7800361971 /* main.m */,
			);
			name = "Supporting Files";
			sourceTree = "<group>";
		};
		79E680FE1CB5EA7800361971 /* 01-购物车动画Tests */ = {
			isa = PBXGroup;
			children = (
				79E680FF1CB5EA7800361971 /* _1______Tests.m */,
				79E681011CB5EA7800361971 /* Info.plist */,
			);
			path = "01-购物车动画Tests";
			sourceTree = "<group>";
		};
		79E681091CB5EA7800361971 /* 01-购物车动画UITests */ = {
			isa = PBXGroup;
			children = (
				79E6810A1CB5EA7800361971 /* _1______UITests.m */,
				79E6810C1CB5EA7800361971 /* Info.plist */,
			);
			path = "01-购物车动画UITests";
			sourceTree = "<group>";
		};
/* End PBXGroup section */

/* Begin PBXNativeTarget section */
		79E680E11CB5EA7700361971 /* 01-购物车动画 */ = {
			isa = PBXNativeTarget;
			buildConfigurationList = 79E6810F1CB5EA7800361971 /* Build configuration list for PBXNativeTarget "01-购物车动画" */;
			buildPhases = (
				79E680DE1CB5EA7700361971 /* Sources */,
				79E680DF1CB5EA7700361971 /* Frameworks */,
				79E680E01CB5EA7700361971 /* Resources */,
			);
			buildRules = (
			);
			dependencies = (
			);
			name = "01-购物车动画";
			productName = "01-购物车动画";
			productReference = 79E680E21CB5EA7700361971 /* 01-购物车动画.app */;
			productType = "com.apple.product-type.application";
		};
		79E680FA1CB5EA7800361971 /* 01-购物车动画Tests */ = {
			isa = PBXNativeTarget;
			buildConfigurationList = 79E681121CB5EA7800361971 /* Build configuration list for PBXNativeTarget "01-购物车动画Tests" */;
			buildPhases = (
				79E680F71CB5EA7800361971 /* Sources */,
				79E680F81CB5EA7800361971 /* Frameworks */,
				79E680F91CB5EA7800361971 /* Resources */,
			);
			buildRules = (
			);
			dependencies = (
				79E680FD1CB5EA7800361971 /* PBXTargetDependency */,
			);
			name = "01-购物车动画Tests";
			productName = "01-购物车动画Tests";
			productReference = 79E680FB1CB5EA7800361971 /* 01-购物车动画Tests.xctest */;
			productType = "com.apple.product-type.bundle.unit-test";
		};
		79E681051CB5EA7800361971 /* 01-购物车动画UITests */ = {
			isa = PBXNativeTarget;
			buildConfigurationList = 79E681151CB5EA7800361971 /* Build configuration list for PBXNativeTarget "01-购物车动画UITests" */;
			buildPhases = (
				79E681021CB5EA7800361971 /* Sources */,
				79E681031CB5EA7800361971 /* Frameworks */,
				79E681041CB5EA7800361971 /* Resources */,
			);
			buildRules = (
			);
			dependencies = (
				79E681081CB5EA7800361971 /* PBXTargetDependency */,
			);
			name = "01-购物车动画UITests";
			productName = "01-购物车动画UITests";
			productReference = 79E681061CB5EA7800361971 /* 01-购物车动画UITests.xctest */;
			productType = "com.apple.product-type.bundle.ui-testing";
		};
/* End PBXNativeTarget section */

/* Begin PBXProject section */
		79E680DA1CB5EA7700361971 /* Project object */ = {
			isa = PBXProject;
			attributes = {
				LastUpgradeCheck = 0730;
				ORGANIZATIONNAME = vera;
				TargetAttributes = {
					79E680E11CB5EA7700361971 = {
						CreatedOnToolsVersion = 7.3;
					};
					79E680FA1CB5EA7800361971 = {
						CreatedOnToolsVersion = 7.3;
						TestTargetID = 79E680E11CB5EA7700361971;
					};
					79E681051CB5EA7800361971 = {
						CreatedOnToolsVersion = 7.3;
						TestTargetID = 79E680E11CB5EA7700361971;
					};
				};
			};
			buildConfigurationList = 79E680DD1CB5EA7700361971 /* Build configuration list for PBXProject "01-购物车动画" */;
			compatibilityVersion = "Xcode 3.2";
			developmentRegion = English;
			hasScannedForEncodings = 0;
			knownRegions = (
				en,
				Base,
			);
			mainGroup = 79E680D91CB5EA7700361971;
			productRefGroup = 79E680E31CB5EA7700361971 /* Products */;
			projectDirPath = "";
			projectRoot = "";
			targets = (
				79E680E11CB5EA7700361971 /* 01-购物车动画 */,
				79E680FA1CB5EA7800361971 /* 01-购物车动画Tests */,
				79E681051CB5EA7800361971 /* 01-购物车动画UITests */,
			);
		};
/* End PBXProject section */

/* Begin PBXResourcesBuildPhase section */
		79E680E01CB5EA7700361971 /* Resources */ = {
			isa = PBXResourcesBuildPhase;
			buildActionMask = 2147483647;
			files = (
				79E680F51CB5EA7800361971 /* LaunchScreen.storyboard in Resources */,
				79E6811C1CB5EAD200361971 /* Cell.xib in Resources */,
				79E680F21CB5EA7800361971 /* Assets.xcassets in Resources */,
				79E680F01CB5EA7800361971 /* Main.storyboard in Resources */,
			);
			runOnlyForDeploymentPostprocessing = 0;
		};
		79E680F91CB5EA7800361971 /* Resources */ = {
			isa = PBXResourcesBuildPhase;
			buildActionMask = 2147483647;
			files = (
			);
			runOnlyForDeploymentPostprocessing = 0;
		};
		79E681041CB5EA7800361971 /* Resources */ = {
			isa = PBXResourcesBuildPhase;
			buildActionMask = 2147483647;
			files = (
			);
			runOnlyForDeploymentPostprocessing = 0;
		};
/* End PBXResourcesBuildPhase section */

/* Begin PBXSourcesBuildPhase section */
		79E680DE1CB5EA7700361971 /* Sources */ = {
			isa = PBXSourcesBuildPhase;
			buildActionMask = 2147483647;
			files = (
				79E680ED1CB5EA7800361971 /* ViewController.m in Sources */,
				79E6811B1CB5EAD200361971 /* Cell.m in Sources */,
				79E680EA1CB5EA7800361971 /* AppDelegate.m in Sources */,
				79E680E71CB5EA7800361971 /* main.m in Sources */,
			);
			runOnlyForDeploymentPostprocessing = 0;
		};
		79E680F71CB5EA7800361971 /* Sources */ = {
			isa = PBXSourcesBuildPhase;
			buildActionMask = 2147483647;
			files = (
				79E681001CB5EA7800361971 /* _1______Tests.m in Sources */,
			);
			runOnlyForDeploymentPostprocessing = 0;
		};
		79E681021CB5EA7800361971 /* Sources */ = {
			isa = PBXSourcesBuildPhase;
			buildActionMask = 2147483647;
			files = (
				79E6810B1CB5EA7800361971 /* _1______UITests.m in Sources */,
			);
			runOnlyForDeploymentPostprocessing = 0;
		};
/* End PBXSourcesBuildPhase section */

/* Begin PBXTargetDependency section */
		79E680FD1CB5EA7800361971 /* PBXTargetDependency */ = {
			isa = PBXTargetDependency;
			target = 79E680E11CB5EA7700361971 /* 01-购物车动画 */;
			targetProxy = 79E680FC1CB5EA7800361971 /* PBXContainerItemProxy */;
		};
		79E681081CB5EA7800361971 /* PBXTargetDependency */ = {
			isa = PBXTargetDependency;
			target = 79E680E11CB5EA7700361971 /* 01-购物车动画 */;
			targetProxy = 79E681071CB5EA7800361971 /* PBXContainerItemProxy */;
		};
/* End PBXTargetDependency section */

/* Begin PBXVariantGroup section */
		79E680EE1CB5EA7800361971 /* Main.storyboard */ = {
			isa = PBXVariantGroup;
			children = (
				79E680EF1CB5EA7800361971 /* Base */,
			);
			name = Main.storyboard;
			sourceTree = "<group>";
		};
		79E680F31CB5EA7800361971 /* LaunchScreen.storyboard */ = {
			isa = PBXVariantGroup;
			children = (
				79E680F41CB5EA7800361971 /* Base */,
			);
			name = LaunchScreen.storyboard;
			sourceTree = "<group>";
		};
/* End PBXVariantGroup section */

/* Begin XCBuildConfiguration section */
		79E6810D1CB5EA7800361971 /* Debug */ = {
			isa = XCBuildConfiguration;
			buildSettings = {
				ALWAYS_SEARCH_USER_PATHS = NO;
				CLANG_ANALYZER_NONNULL = YES;
				CLANG_CXX_LANGUAGE_STANDARD = "gnu++0x";
				CLANG_CXX_LIBRARY = "libc++";
				CLANG_ENABLE_MODULES = YES;
				CLANG_ENABLE_OBJC_ARC = YES;
				CLANG_WARN_BOOL_CONVERSION = YES;
				CLANG_WARN_CONSTANT_CONVERSION = YES;
				CLANG_WARN_DIRECT_OBJC_ISA_USAGE = YES_ERROR;
				CLANG_WARN_EMPTY_BODY = YES;
				CLANG_WARN_ENUM_CONVERSION = YES;
				CLANG_WARN_INT_CONVERSION = YES;
				CLANG_WARN_OBJC_ROOT_CLASS = YES_ERROR;
				CLANG_WARN_UNREACHABLE_CODE = YES;
				CLANG_WARN__DUPLICATE_METHOD_MATCH = YES;
				"CODE_SIGN_IDENTITY[sdk=iphoneos*]" = "iPhone Developer";
				COPY_PHASE_STRIP = NO;
				DEBUG_INFORMATION_FORMAT = dwarf;
				ENABLE_STRICT_OBJC_MSGSEND = YES;
				ENABLE_TESTABILITY = YES;
				GCC_C_LANGUAGE_STANDARD = gnu99;
				GCC_DYNAMIC_NO_PIC = NO;
				GCC_NO_COMMON_BLOCKS = YES;
				GCC_OPTIMIZATION_LEVEL = 0;
				GCC_PREPROCESSOR_DEFINITIONS = (
					"DEBUG=1",
					"$(inherited)",
				);
				GCC_WARN_64_TO_32_BIT_CONVERSION = YES;
				GCC_WARN_ABOUT_RETURN_TYPE = YES_ERROR;
				GCC_WARN_UNDECLARED_SELECTOR = YES;
				GCC_WARN_UNINITIALIZED_AUTOS = YES_AGGRESSIVE;
				GCC_WARN_UNUSED_FUNCTION = YES;
				GCC_WARN_UNUSED_VARIABLE = YES;
				IPHONEOS_DEPLOYMENT_TARGET = 9.3;
				MTL_ENABLE_DEBUG_INFO = YES;
				ONLY_ACTIVE_ARCH = YES;
				SDKROOT = iphoneos;
			};
			name = Debug;
		};
		79E6810E1CB5EA7800361971 /* Release */ = {
			isa = XCBuildConfiguration;
			buildSettings = {
				ALWAYS_SEARCH_USER_PATHS = NO;
				CLANG_ANALYZER_NONNULL = YES;
				CLANG_CXX_LANGUAGE_STANDARD = "gnu++0x";
				CLANG_CXX_LIBRARY = "libc++";
				CLANG_ENABLE_MODULES = YES;
				CLANG_ENABLE_OBJC_ARC = YES;
				CLANG_WARN_BOOL_CONVERSION = YES;
				CLANG_WARN_CONSTANT_CONVERSION = YES;
				CLANG_WARN_DIRECT_OBJC_ISA_USAGE = YES_ERROR;
				CLANG_WARN_EMPTY_BODY = YES;
				CLANG_WARN_ENUM_CONVERSION = YES;
				CLANG_WARN_INT_CONVERSION = YES;
				CLANG_WARN_OBJC_ROOT_CLASS = YES_ERROR;
				CLANG_WARN_UNREACHABLE_CODE = YES;
				CLANG_WARN__DUPLICATE_METHOD_MATCH = YES;
				"CODE_SIGN_IDENTITY[sdk=iphoneos*]" = "iPhone Developer";
				COPY_PHASE_STRIP = NO;
				DEBUG_INFORMATION_FORMAT = "dwarf-with-dsym";
				ENABLE_NS_ASSERTIONS = NO;
				ENABLE_STRICT_OBJC_MSGSEND = YES;
				GCC_C_LANGUAGE_STANDARD = gnu99;
				GCC_NO_COMMON_BLOCKS = YES;
				GCC_WARN_64_TO_32_BIT_CONVERSION = YES;
				GCC_WARN_ABOUT_RETURN_TYPE = YES_ERROR;
				GCC_WARN_UNDECLARED_SELECTOR = YES;
				GCC_WARN_UNINITIALIZED_AUTOS = YES_AGGRESSIVE;
				GCC_WARN_UNUSED_FUNCTION = YES;
				GCC_WARN_UNUSED_VARIABLE = YES;
				IPHONEOS_DEPLOYMENT_TARGET = 9.3;
				MTL_ENABLE_DEBUG_INFO = NO;
				SDKROOT = iphoneos;
				VALIDATE_PRODUCT = YES;
			};
			name = Release;
		};
		79E681101CB5EA7800361971 /* Debug */ = {
			isa = XCBuildConfiguration;
			buildSettings = {
				ASSETCATALOG_COMPILER_APPICON_NAME = AppIcon;
				INFOPLIST_FILE = "01-购物车动画/Info.plist";
				LD_RUNPATH_SEARCH_PATHS = "$(inherited) @executable_path/Frameworks";
				PRODUCT_BUNDLE_IDENTIFIER = "dasfds.-1------";
				PRODUCT_NAME = "$(TARGET_NAME)";
			};
			name = Debug;
		};
		79E681111CB5EA7800361971 /* Release */ = {
			isa = XCBuildConfiguration;
			buildSettings = {
				ASSETCATALOG_COMPILER_APPICON_NAME = AppIcon;
				INFOPLIST_FILE = "01-购物车动画/Info.plist";
				LD_RUNPATH_SEARCH_PATHS = "$(inherited) @executable_path/Frameworks";
				PRODUCT_BUNDLE_IDENTIFIER = "dasfds.-1------";
				PRODUCT_NAME = "$(TARGET_NAME)";
			};
			name = Release;
		};
		79E681131CB5EA7800361971 /* Debug */ = {
			isa = XCBuildConfiguration;
			buildSettings = {
				BUNDLE_LOADER = "$(TEST_HOST)";
				INFOPLIST_FILE = "01-购物车动画Tests/Info.plist";
				LD_RUNPATH_SEARCH_PATHS = "$(inherited) @executable_path/Frameworks @loader_path/Frameworks";
				PRODUCT_BUNDLE_IDENTIFIER = "dasfds.-1------Tests";
				PRODUCT_NAME = "$(TARGET_NAME)";
				TEST_HOST = "$(BUILT_PRODUCTS_DIR)/01-购物车动画.app/01-购物车动画";
			};
			name = Debug;
		};
		79E681141CB5EA7800361971 /* Release */ = {
			isa = XCBuildConfiguration;
			buildSettings = {
				BUNDLE_LOADER = "$(TEST_HOST)";
				INFOPLIST_FILE = "01-购物车动画Tests/Info.plist";
				LD_RUNPATH_SEARCH_PATHS = "$(inherited) @executable_path/Frameworks @loader_path/Frameworks";
				PRODUCT_BUNDLE_IDENTIFIER = "dasfds.-1------Tests";
				PRODUCT_NAME = "$(TARGET_NAME)";
				TEST_HOST = "$(BUILT_PRODUCTS_DIR)/01-购物车动画.app/01-购物车动画";
			};
			name = Release;
		};
		79E681161CB5EA7800361971 /* Debug */ = {
			isa = XCBuildConfiguration;
			buildSettings = {
				INFOPLIST_FILE = "01-购物车动画UITests/Info.plist";
				LD_RUNPATH_SEARCH_PATHS = "$(inherited) @executable_path/Frameworks @loader_path/Frameworks";
				PRODUCT_BUNDLE_IDENTIFIER = "dasfds.-1------UITests";
				PRODUCT_NAME = "$(TARGET_NAME)";
				TEST_TARGET_NAME = "01-购物车动画";
			};
			name = Debug;
		};
		79E681171CB5EA7800361971 /* Release */ = {
			isa = XCBuildConfiguration;
			buildSettings = {
				INFOPLIST_FILE = "01-购物车动画UITests/Info.plist";
				LD_RUNPATH_SEARCH_PATHS = "$(inherited) @executable_path/Frameworks @loader_path/Frameworks";
				PRODUCT_BUNDLE_IDENTIFIER = "dasfds.-1------UITests";
				PRODUCT_NAME = "$(TARGET_NAME)";
				TEST_TARGET_NAME = "01-购物车动画";
			};
			name = Release;
		};
/* End XCBuildConfiguration section */

/* Begin XCConfigurationList section */
		79E680DD1CB5EA7700361971 /* Build configuration list for PBXProject "01-购物车动画" */ = {
			isa = XCConfigurationList;
			buildConfigurations = (
				79E6810D1CB5EA7800361971 /* Debug */,
				79E6810E1CB5EA7800361971 /* Release */,
			);
			defaultConfigurationIsVisible = 0;
			defaultConfigurationName = Release;
		};
		79E6810F1CB5EA7800361971 /* Build configuration list for PBXNativeTarget "01-购物车动画" */ = {
			isa = XCConfigurationList;
			buildConfigurations = (
				79E681101CB5EA7800361971 /* Debug */,
				79E681111CB5EA7800361971 /* Release */,
			);
			defaultConfigurationIsVisible = 0;
		};
		79E681121CB5EA7800361971 /* Build configuration list for PBXNativeTarget "01-购物车动画Tests" */ = {
			isa = XCConfigurationList;
			buildConfigurations = (
				79E681131CB5EA7800361971 /* Debug */,
				79E681141CB5EA7800361971 /* Release */,
			);
			defaultConfigurationIsVisible = 0;
		};
		79E681151CB5EA7800361971 /* Build configuration list for PBXNativeTarget "01-购物车动画UITests" */ = {
			isa = XCConfigurationList;
			buildConfigurations = (
				79E681161CB5EA7800361971 /* Debug */,
				79E681171CB5EA7800361971 /* Release */,
			);
			defaultConfigurationIsVisible = 0;
		};
/* End XCConfigurationList section */
	};
	rootObject = 79E680DA1CB5EA7700361971 /* Project object */;
}
